{
  "name": "task-manager",
  "version": "1.0.0",
  "lockfileVersion": 3,
  "requires": true,
  "packages": {
    "": {
      "name": "task-manager",
      "version": "1.0.0",
      "devDependencies": {
        "@tailwindcss/vite": "^4.0.0",
        "axios": "^1.11.0",
        "concurrently": "^9.0.1",
        "laravel-vite-plugin": "^2.0.0",
        "tailwindcss": "^4.0.0",
        "vite": "^7.0.7"
      }
    },
    "node_modules/@tailwindcss/vite": {
      "version": "4.0.0",
      "resolved": "https://registry.npmjs.org/@tailwindcss/vite/-/vite-4.0.0.tgz",
      "integrity": "sha512-something",
      "dev": true
    },
    "node_modules/axios": {
      "version": "1.11.0",
      "resolved": "https://registry.npmjs.org/axios/-/axios-1.11.0.tgz",
      "integrity": "sha512-something",
      "dev": true
    },
    "node_modules/concurrently": {
      "version": "9.0.1",
      "resolved": "https://registry.npmjs.org/concurrently/-/concurrently-9.0.1.tgz",
      "integrity": "sha512-something",
      "dev": true
    },
    "node_modules/laravel-vite-plugin": {
      "version": "2.0.0",
      "resolved": "https://registry.npmjs.org/laravel-vite-plugin/-/laravel-vite-plugin-2.0.0.tgz",
      "integrity": "sha512-something",
      "dev": true
    },
    "node_modules/tailwindcss": {
      "version": "4.0.0",
      "resolved": "https://registry.npmjs.org/tailwindcss/-/tailwindcss-4.0.0.tgz",
      "integrity": "sha512-something",
      "dev": true
    },
    "node_modules/vite": {
      "version": "7.0.7",
      "resolved": "https://registry.npmjs.org/vite/-/vite-7.0.7.tgz",
      "integrity": "sha512-something",
      "dev": true
    }
  }
}
